# THIS IS AN AUTOGENERATED FILE. DO NOT EDIT THIS FILE DIRECTLY.
# yarn lockfile v1


date-fns@^2.17.0:
  version "2.27.0"
  resolved "https://registry.yarnpkg.com/date-fns/-/date-fns-2.27.0.tgz#e1ff3c3ddbbab8a2eaadbb6106be2929a5a2d92b"
  integrity sha512-sj+J0Mo2p2X1e306MHq282WS4/A8Pz/95GIFcsPNMPMZVI3EUrAdSv90al1k+p74WGLCruMXk23bfEDZa71X9Q==
