{
    "_meta": {
        "hash": {
            "sha256": "c952bfadf9e92c4082996a56b1a00bd9a597a0495a1a3434b4e57f242eaa126f"
        },
        "pipfile-spec": 6,
        "requires": {
            "python_version": "3.9"
        },
        "sources": [
            {
                "name": "pypi",
                "url": "https://pypi.org/simple",
                "verify_ssl": true
            }
        ]
    },
    "default": {
        "atomicwrites": {
            "hashes": [
                "sha256:6d1784dea7c0c8d4a5172b6c620f40b6e4cbfdf96d783691f2e1302a7b88e197",
                "sha256:ae70396ad1a434f9c7046fd2dd196fc04b12f9e91ffb859164193be8b6168a7a"
            ],
            "markers": "sys_platform == 'win32'",
            "version": "==1.4.0"
        },
        "attrs": {
            "hashes": [
                "sha256:2d27e3784d7a565d36ab851fe94887c5eccd6a463168875832a1be79c82828b4",
                "sha256:626ba8234211db98e869df76230a137c4c40a12d72445c45d5f5b716f076e2fd"
            ],
            "markers": "python_version >= '2.7' and python_version not in '3.0, 3.1, 3.2, 3.3, 3.4'",
            "version": "==21.4.0"
        },
        "aws-infrastructure": {
            "editable": true,
            "git": "https://github.com/fogies/aws-infrastructure.git",
            "ref": "0332414b8c48577ba76b9e62812f591e0c1f1cb8",
            "subdirectory": "aws_infrastructure"
        },
        "bcrypt": {
            "hashes": [
                "sha256:56e5da069a76470679f312a7d3d23deb3ac4519991a0361abc11da837087b61d",
                "sha256:5b93c1726e50a93a033c36e5ca7fdcd29a5c7395af50a6892f5d9e7c6cfbfb29",
                "sha256:63d4e3ff96188e5898779b6057878fecf3f11cfe6ec3b313ea09955d587ec7a7",
                "sha256:81fec756feff5b6818ea7ab031205e1d323d8943d237303baca2c5f9c7846f34",
                "sha256:a0584a92329210fcd75eb8a3250c5a941633f8bfaf2a18f81009b097732839b7",
                "sha256:a67fb841b35c28a59cebed05fbd3e80eea26e6d75851f0574a9273c80f3e9b55",
                "sha256:b589229207630484aefe5899122fb938a5b017b0f4349f769b8c13e78d99a8fd",
                "sha256:c95d4cbebffafcdd28bd28bb4e25b31c50f6da605c81ffd9ad8a3d1b2ab7b1b6",
                "sha256:cd1ea2ff3038509ea95f687256c46b79f5fc382ad0aa3664d200047546d511d1",
                "sha256:cdcdcb3972027f83fe24a48b1e90ea4b584d35f1cc279d76de6fc4b13376239d"
            ],
            "markers": "python_version >= '3.6'",
            "version": "==3.2.0"
        },
        "black": {
            "hashes": [
                "sha256:07e5c049442d7ca1a2fc273c79d1aecbbf1bc858f62e8184abe1ad175c4f7cc2",
                "sha256:0e21e1f1efa65a50e3960edd068b6ae6d64ad6235bd8bfea116a03b21836af71",
                "sha256:1297c63b9e1b96a3d0da2d85d11cd9bf8664251fd69ddac068b98dc4f34f73b6",
                "sha256:228b5ae2c8e3d6227e4bde5920d2fc66cc3400fde7bcc74f480cb07ef0b570d5",
                "sha256:2d6f331c02f0f40aa51a22e479c8209d37fcd520c77721c034517d44eecf5912",
                "sha256:2ff96450d3ad9ea499fc4c60e425a1439c2120cbbc1ab959ff20f7c76ec7e866",
                "sha256:3524739d76b6b3ed1132422bf9d82123cd1705086723bc3e235ca39fd21c667d",
                "sha256:35944b7100af4a985abfcaa860b06af15590deb1f392f06c8683b4381e8eeaf0",
                "sha256:373922fc66676133ddc3e754e4509196a8c392fec3f5ca4486673e685a421321",
                "sha256:5fa1db02410b1924b6749c245ab38d30621564e658297484952f3d8a39fce7e8",
                "sha256:6f2f01381f91c1efb1451998bd65a129b3ed6f64f79663a55fe0e9b74a5f81fd",
                "sha256:742ce9af3086e5bd07e58c8feb09dbb2b047b7f566eb5f5bc63fd455814979f3",
                "sha256:7835fee5238fc0a0baf6c9268fb816b5f5cd9b8793423a75e8cd663c48d073ba",
                "sha256:8871fcb4b447206904932b54b567923e5be802b9b19b744fdff092bd2f3118d0",
                "sha256:a7c0192d35635f6fc1174be575cb7915e92e5dd629ee79fdaf0dcfa41a80afb5",
                "sha256:b1a5ed73ab4c482208d20434f700d514f66ffe2840f63a6252ecc43a9bc77e8a",
                "sha256:c8226f50b8c34a14608b848dc23a46e5d08397d009446353dad45e04af0c8e28",
                "sha256:ccad888050f5393f0d6029deea2a33e5ae371fd182a697313bdbd835d3edaf9c",
                "sha256:dae63f2dbf82882fa3b2a3c49c32bffe144970a573cd68d247af6560fc493ae1",
                "sha256:e2f69158a7d120fd641d1fa9a921d898e20d52e44a74a6fbbcc570a62a6bc8ab",
                "sha256:efbadd9b52c060a8fc3b9658744091cb33c31f830b3f074422ed27bad2b18e8f",
                "sha256:f5660feab44c2e3cb24b2419b998846cbb01c23c7fe645fee45087efa3da2d61",
                "sha256:fdb8754b453fb15fad3f72cd9cad3e16776f0964d67cf30ebcbf10327a3777a3"
            ],
            "index": "pypi",
            "version": "==22.1.0"
        },
        "boto3": {
            "hashes": [
                "sha256:16fae86d0c4993fd5112128bb4622a879f02363bccd045153cc0bbd7722cc9a5",
                "sha256:e17d994d222162dac02ec32fde6ae910d819ebf239a94dddcee47def2c82b9c9"
            ],
            "markers": "python_version >= '3.6'",
            "version": "==1.21.13"
        },
        "botocore": {
            "hashes": [
                "sha256:46e51f56f1c5784e4245e036503635fa71b722775657b6e1acf21ec5b906974c",
                "sha256:7b166096f9413b41caf7cc6f4edfd5b3c3ab9d7c61eb120a649e69485c98131a"
            ],
            "markers": "python_version >= '3.6'",
            "version": "==1.24.13"
        },
        "certifi": {
            "hashes": [
                "sha256:78884e7c1d4b00ce3cea67b44566851c4343c120abd683433ce934a68ea58872",
                "sha256:d62a0163eb4c2344ac042ab2bdf75399a71a2d8c7d47eac2e2ee91b9d6339569"
            ],
            "version": "==2021.10.8"
        },
        "cffi": {
            "hashes": [
                "sha256:00c878c90cb53ccfaae6b8bc18ad05d2036553e6d9d1d9dbcf323bbe83854ca3",
                "sha256:0104fb5ae2391d46a4cb082abdd5c69ea4eab79d8d44eaaf79f1b1fd806ee4c2",
                "sha256:06c48159c1abed75c2e721b1715c379fa3200c7784271b3c46df01383b593636",
                "sha256:0808014eb713677ec1292301ea4c81ad277b6cdf2fdd90fd540af98c0b101d20",
                "sha256:10dffb601ccfb65262a27233ac273d552ddc4d8ae1bf93b21c94b8511bffe728",
                "sha256:14cd121ea63ecdae71efa69c15c5543a4b5fbcd0bbe2aad864baca0063cecf27",
                "sha256:17771976e82e9f94976180f76468546834d22a7cc404b17c22df2a2c81db0c66",
                "sha256:181dee03b1170ff1969489acf1c26533710231c58f95534e3edac87fff06c443",
                "sha256:23cfe892bd5dd8941608f93348c0737e369e51c100d03718f108bf1add7bd6d0",
                "sha256:263cc3d821c4ab2213cbe8cd8b355a7f72a8324577dc865ef98487c1aeee2bc7",
                "sha256:2756c88cbb94231c7a147402476be2c4df2f6078099a6f4a480d239a8817ae39",
                "sha256:27c219baf94952ae9d50ec19651a687b826792055353d07648a5695413e0c605",
                "sha256:2a23af14f408d53d5e6cd4e3d9a24ff9e05906ad574822a10563efcef137979a",
                "sha256:31fb708d9d7c3f49a60f04cf5b119aeefe5644daba1cd2a0fe389b674fd1de37",
                "sha256:3415c89f9204ee60cd09b235810be700e993e343a408693e80ce7f6a40108029",
                "sha256:3773c4d81e6e818df2efbc7dd77325ca0dcb688116050fb2b3011218eda36139",
                "sha256:3b96a311ac60a3f6be21d2572e46ce67f09abcf4d09344c49274eb9e0bf345fc",
                "sha256:3f7d084648d77af029acb79a0ff49a0ad7e9d09057a9bf46596dac9514dc07df",
                "sha256:41d45de54cd277a7878919867c0f08b0cf817605e4eb94093e7516505d3c8d14",
                "sha256:4238e6dab5d6a8ba812de994bbb0a79bddbdf80994e4ce802b6f6f3142fcc880",
                "sha256:45db3a33139e9c8f7c09234b5784a5e33d31fd6907800b316decad50af323ff2",
                "sha256:45e8636704eacc432a206ac7345a5d3d2c62d95a507ec70d62f23cd91770482a",
                "sha256:4958391dbd6249d7ad855b9ca88fae690783a6be9e86df65865058ed81fc860e",
                "sha256:4a306fa632e8f0928956a41fa8e1d6243c71e7eb59ffbd165fc0b41e316b2474",
                "sha256:57e9ac9ccc3101fac9d6014fba037473e4358ef4e89f8e181f8951a2c0162024",
                "sha256:59888172256cac5629e60e72e86598027aca6bf01fa2465bdb676d37636573e8",
                "sha256:5e069f72d497312b24fcc02073d70cb989045d1c91cbd53979366077959933e0",
                "sha256:64d4ec9f448dfe041705426000cc13e34e6e5bb13736e9fd62e34a0b0c41566e",
                "sha256:6dc2737a3674b3e344847c8686cf29e500584ccad76204efea14f451d4cc669a",
                "sha256:74fdfdbfdc48d3f47148976f49fab3251e550a8720bebc99bf1483f5bfb5db3e",
                "sha256:75e4024375654472cc27e91cbe9eaa08567f7fbdf822638be2814ce059f58032",
                "sha256:786902fb9ba7433aae840e0ed609f45c7bcd4e225ebb9c753aa39725bb3e6ad6",
                "sha256:8b6c2ea03845c9f501ed1313e78de148cd3f6cad741a75d43a29b43da27f2e1e",
                "sha256:91d77d2a782be4274da750752bb1650a97bfd8f291022b379bb8e01c66b4e96b",
                "sha256:91ec59c33514b7c7559a6acda53bbfe1b283949c34fe7440bcf917f96ac0723e",
                "sha256:920f0d66a896c2d99f0adbb391f990a84091179542c205fa53ce5787aff87954",
                "sha256:a5263e363c27b653a90078143adb3d076c1a748ec9ecc78ea2fb916f9b861962",
                "sha256:abb9a20a72ac4e0fdb50dae135ba5e77880518e742077ced47eb1499e29a443c",
                "sha256:c2051981a968d7de9dd2d7b87bcb9c939c74a34626a6e2f8181455dd49ed69e4",
                "sha256:c21c9e3896c23007803a875460fb786118f0cdd4434359577ea25eb556e34c55",
                "sha256:c2502a1a03b6312837279c8c1bd3ebedf6c12c4228ddbad40912d671ccc8a962",
                "sha256:d4d692a89c5cf08a8557fdeb329b82e7bf609aadfaed6c0d79f5a449a3c7c023",
                "sha256:da5db4e883f1ce37f55c667e5c0de439df76ac4cb55964655906306918e7363c",
                "sha256:e7022a66d9b55e93e1a845d8c9eba2a1bebd4966cd8bfc25d9cd07d515b33fa6",
                "sha256:ef1f279350da2c586a69d32fc8733092fd32cc8ac95139a00377841f59a3f8d8",
                "sha256:f54a64f8b0c8ff0b64d18aa76675262e1700f3995182267998c31ae974fbc382",
                "sha256:f5c7150ad32ba43a07c4479f40241756145a1f03b43480e058cfd862bf5041c7",
                "sha256:f6f824dc3bce0edab5f427efcfb1d63ee75b6fcb7282900ccaf925be84efb0fc",
                "sha256:fd8a250edc26254fe5b33be00402e6d287f562b6a5b2152dec302fa15bb3e997",
                "sha256:ffaa5c925128e29efbde7301d8ecaf35c8c60ffbcd6a1ffd3a552177c8e5e796"
            ],
            "version": "==1.15.0"
        },
        "charset-normalizer": {
            "hashes": [
                "sha256:2857e29ff0d34db842cd7ca3230549d1a697f96ee6d3fb071cfa6c7393832597",
                "sha256:6881edbebdb17b39b4eaaa821b438bf6eddffb4468cf344f09f89def34a8b1df"
            ],
            "markers": "python_version >= '3'",
            "version": "==2.0.12"
        },
        "click": {
            "hashes": [
                "sha256:6a7a62563bbfabfda3a38f3023a1db4a35978c0abd76f6c9605ecd6554d6d9b1",
                "sha256:8458d7b1287c5fb128c90e23381cf99dcde74beaf6c7ff6384ce84d6fe090adb"
            ],
            "markers": "python_version >= '3.6'",
            "version": "==8.0.4"
        },
        "colorama": {
            "hashes": [
                "sha256:5941b2b48a20143d2267e95b1c2a7603ce057ee39fd88e7329b0c292aa16869b",
                "sha256:9f47eda37229f68eee03b24b9748937c7dc3868f906e8ba69fbcbdd3bc5dc3e2"
            ],
            "markers": "python_version >= '2.7' and python_version not in '3.0, 3.1, 3.2, 3.3, 3.4'",
            "version": "==0.4.4"
        },
        "cryptography": {
            "hashes": [
                "sha256:0a817b961b46894c5ca8a66b599c745b9a3d9f822725221f0e0fe49dc043a3a3",
                "sha256:2d87cdcb378d3cfed944dac30596da1968f88fb96d7fc34fdae30a99054b2e31",
                "sha256:30ee1eb3ebe1644d1c3f183d115a8c04e4e603ed6ce8e394ed39eea4a98469ac",
                "sha256:391432971a66cfaf94b21c24ab465a4cc3e8bf4a939c1ca5c3e3a6e0abebdbcf",
                "sha256:39bdf8e70eee6b1c7b289ec6e5d84d49a6bfa11f8b8646b5b3dfe41219153316",
                "sha256:4caa4b893d8fad33cf1964d3e51842cd78ba87401ab1d2e44556826df849a8ca",
                "sha256:53e5c1dc3d7a953de055d77bef2ff607ceef7a2aac0353b5d630ab67f7423638",
                "sha256:596f3cd67e1b950bc372c33f1a28a0692080625592ea6392987dba7f09f17a94",
                "sha256:5d59a9d55027a8b88fd9fd2826c4392bd487d74bf628bb9d39beecc62a644c12",
                "sha256:6c0c021f35b421ebf5976abf2daacc47e235f8b6082d3396a2fe3ccd537ab173",
                "sha256:73bc2d3f2444bcfeac67dd130ff2ea598ea5f20b40e36d19821b4df8c9c5037b",
                "sha256:74d6c7e80609c0f4c2434b97b80c7f8fdfaa072ca4baab7e239a15d6d70ed73a",
                "sha256:7be0eec337359c155df191d6ae00a5e8bbb63933883f4f5dffc439dac5348c3f",
                "sha256:94ae132f0e40fe48f310bba63f477f14a43116f05ddb69d6fa31e93f05848ae2",
                "sha256:bb5829d027ff82aa872d76158919045a7c1e91fbf241aec32cb07956e9ebd3c9",
                "sha256:ca238ceb7ba0bdf6ce88c1b74a87bffcee5afbfa1e41e173b1ceb095b39add46",
                "sha256:ca28641954f767f9822c24e927ad894d45d5a1e501767599647259cbf030b903",
                "sha256:e0344c14c9cb89e76eb6a060e67980c9e35b3f36691e15e1b7a9e58a0a6c6dc3",
                "sha256:ebc15b1c22e55c4d5566e3ca4db8689470a0ca2babef8e3a9ee057a8b82ce4b1",
                "sha256:ec63da4e7e4a5f924b90af42eddf20b698a70e58d86a72d943857c4c6045b3ee"
            ],
            "markers": "python_version >= '3.6'",
            "version": "==36.0.1"
        },
        "distlib": {
            "hashes": [
                "sha256:6564fe0a8f51e734df6333d08b8b94d4ea8ee6b99b5ed50613f731fd4089f34b",
                "sha256:e4b58818180336dc9c529bfb9a0b58728ffc09ad92027a3f30b7cd91e3458579"
            ],
            "version": "==0.3.4"
        },
        "faker": {
            "hashes": [
                "sha256:618b140c77475786dbe3a5409ad53521cb76746ab7a5c77b99c663f3ef1b1bc2",
                "sha256:7e878365aaf2f6a3f88a689c5f8209b8b93f45e3e9c991272552553006856637"
            ],
            "markers": "python_version >= '3.6'",
            "version": "==13.3.0"
        },
        "filelock": {
            "hashes": [
                "sha256:9cd540a9352e432c7246a48fe4e8712b10acb1df2ad1f30e8c070b82ae1fed85",
                "sha256:f8314284bfffbdcfa0ff3d7992b023d4c628ced6feb957351d4c48d059f56bc0"
            ],
            "markers": "python_version >= '3.7'",
            "version": "==3.6.0"
        },
        "idna": {
            "hashes": [
                "sha256:84d9dd047ffa80596e0f246e2eab0b391788b0503584e8945f2368256d2735ff",
                "sha256:9d643ff0a55b762d5cdb124b8eaa99c66322e2157b69160bc32796e824360e6d"
            ],
            "markers": "python_version >= '3'",
            "version": "==3.3"
        },
        "iniconfig": {
            "hashes": [
                "sha256:011e24c64b7f47f6ebd835bb12a743f2fbe9a26d4cecaa7f53bc4f35ee9da8b3",
                "sha256:bc3af051d7d14b2ee5ef9969666def0cd1a000e121eaea580d4a313df4b37f32"
            ],
            "version": "==1.1.1"
        },
        "invoke": {
            "hashes": [
                "sha256:374d1e2ecf78981da94bfaf95366216aaec27c2d6a7b7d5818d92da55aa258d3",
                "sha256:769e90caeb1bd07d484821732f931f1ad8916a38e3f3e618644687fc09cb6317",
                "sha256:e6c9917a1e3e73e7ea91fdf82d5f151ccfe85bf30cc65cdb892444c02dbb5f74"
            ],
            "version": "==1.6.0"
        },
        "jmespath": {
            "hashes": [
                "sha256:b85d0567b8666149a93172712e68920734333c0ce7e89b78b3e987f71e5ed4f9",
                "sha256:cdf6525904cc597730141d61b36f2e4b8ecc257c420fa2f4549bac2c2d0cb72f"
            ],
            "markers": "python_version >= '2.6' and python_version not in '3.0, 3.1, 3.2, 3.3'",
            "version": "==0.10.0"
        },
        "jschon": {
            "hashes": [
                "sha256:315e2d4489e8139d726422735b2185288c20af280f2c077b071c28e40515f62f",
                "sha256:6adb8e4aea9830badd1318aede6eb6b0d820a415414ee5624227a6d0ce047d2d"
            ],
            "markers": "python_version ~= '3.8'",
            "version": "==0.8.3"
        },
        "lorem": {
            "hashes": [
                "sha256:785f4109a241fc2891e59705e85d065f6e6d3ed6ad91750a8cb54d4f3e59d934",
                "sha256:c9c2914b5a772022417c398bd74b7bbd712e73ff029ba82720855e458f13ae42"
            ],
            "version": "==0.1.1"
        },
        "mypy-extensions": {
            "hashes": [
                "sha256:090fedd75945a69ae91ce1303b5824f428daf5a028d2f6ab8a299250a846f15d",
                "sha256:2d82818f5bb3e369420cb3c4060a7970edba416647068eb4c5343488a6c604a8"
            ],
            "version": "==0.4.3"
        },
        "numpy": {
            "hashes": [
                "sha256:03ae5850619abb34a879d5f2d4bb4dcd025d6d8fb72f5e461dae84edccfe129f",
                "sha256:076aee5a3763d41da6bef9565fdf3cb987606f567cd8b104aded2b38b7b47abf",
                "sha256:0b536b6840e84c1c6a410f3a5aa727821e6108f3454d81a5cd5900999ef04f89",
                "sha256:15efb7b93806d438e3bc590ca8ef2f953b0ce4f86f337ef4559d31ec6cf9d7dd",
                "sha256:168259b1b184aa83a514f307352c25c56af111c269ffc109d9704e81f72e764b",
                "sha256:2638389562bda1635b564490d76713695ff497242a83d9b684d27bb4a6cc9d7a",
                "sha256:3556c5550de40027d3121ebbb170f61bbe19eb639c7ad0c7b482cd9b560cd23b",
                "sha256:4a176959b6e7e00b5a0d6f549a479f869829bfd8150282c590deee6d099bbb6e",
                "sha256:515a8b6edbb904594685da6e176ac9fbea8f73a5ebae947281de6613e27f1956",
                "sha256:55535c7c2f61e2b2fc817c5cbe1af7cb907c7f011e46ae0a52caa4be1f19afe2",
                "sha256:59153979d60f5bfe9e4c00e401e24dfe0469ef8da6d68247439d3278f30a180f",
                "sha256:60cb8e5933193a3cc2912ee29ca331e9c15b2da034f76159b7abc520b3d1233a",
                "sha256:6767ad399e9327bfdbaa40871be4254d1995f4a3ca3806127f10cec778bd9896",
                "sha256:76a4f9bce0278becc2da7da3b8ef854bed41a991f4226911a24a9711baad672c",
                "sha256:8cf33634b60c9cef346663a222d9841d3bbbc0a2f00221d6bcfd0d993d5543f6",
                "sha256:94dd11d9f13ea1be17bac39c1942f527cbf7065f94953cf62dfe805653da2f8f",
                "sha256:aafa46b5a39a27aca566198d3312fb3bde95ce9677085efd02c86f7ef6be4ec7",
                "sha256:badca914580eb46385e7f7e4e426fea6de0a37b9e06bec252e481ae7ec287082",
                "sha256:d76a26c5118c4d96e264acc9e3242d72e1a2b92e739807b3b69d8d47684b6677"
            ],
            "markers": "python_version >= '3.8'",
            "version": "==1.22.2"
        },
        "packaging": {
            "hashes": [
                "sha256:dd47c42927d89ab911e606518907cc2d3a1f38bbd026385970643f9c5b8ecfeb",
                "sha256:ef103e05f519cdc783ae24ea4e2e0f508a9c99b2d4969652eed6a2e1ea5bd522"
            ],
            "markers": "python_version >= '3.6'",
            "version": "==21.3"
        },
        "paramiko": {
            "hashes": [
                "sha256:04097dbd96871691cdb34c13db1883066b8a13a0df2afd4cb0a92221f51c2603",
                "sha256:944a9e5dbdd413ab6c7951ea46b0ab40713235a9c4c5ca81cfe45c6f14fa677b"
            ],
            "version": "==2.9.2"
        },
        "pathspec": {
            "hashes": [
                "sha256:7d15c4ddb0b5c802d161efc417ec1a2558ea2653c2e8ad9c19098201dc1c993a",
                "sha256:e564499435a2673d586f6b2130bb5b95f04a3ba06f81b8f895b651a3c76aabb1"
            ],
            "version": "==0.9.0"
        },
        "pip": {
            "hashes": [
                "sha256:c146f331f0805c77017c6bb9740cec4a49a0d4582d0c3cc8244b057f83eca359",
                "sha256:f29d589df8c8ab99c060e68ad294c4a9ed896624f6368c5349d70aa581b333d0"
            ],
            "markers": "python_version >= '3.7'",
            "version": "==22.0.3"
        },
        "pipenv": {
            "hashes": [
                "sha256:3b80b4512934b9d8e8ce12c988394642ff96bb697680e5b092e59af503178327",
                "sha256:f84d7119239b22ab2ac2b8fbc7d619d83cf41135206d72a17c4f151cda529fd0"
            ],
            "markers": "python_version >= '3.6'",
            "version": "==2022.1.8"
        },
        "platformdirs": {
            "hashes": [
                "sha256:7535e70dfa32e84d4b34996ea99c5e432fa29a708d0f4e394bbcb2a8faa4f16d",
                "sha256:bcae7cab893c2d310a711b70b24efb93334febe65f8de776ee320b517471e227"
            ],
            "markers": "python_version >= '3.7'",
            "version": "==2.5.1"
        },
        "pluggy": {
            "hashes": [
                "sha256:4224373bacce55f955a878bf9cfa763c1e360858e330072059e10bad68531159",
                "sha256:74134bbf457f031a36d68416e1509f34bd5ccc019f0bcc952c7b909d06b37bd3"
            ],
            "markers": "python_version >= '3.6'",
            "version": "==1.0.0"
        },
        "py": {
            "hashes": [
                "sha256:51c75c4126074b472f746a24399ad32f6053d1b34b68d2fa41e558e6f4a98719",
                "sha256:607c53218732647dff4acdfcd50cb62615cedf612e72d1724fb1a0cc6405b378"
            ],
            "markers": "python_version >= '2.7' and python_version not in '3.0, 3.1, 3.2, 3.3, 3.4'",
            "version": "==1.11.0"
        },
        "pycparser": {
            "hashes": [
                "sha256:8ee45429555515e1f6b185e78100aea234072576aa43ab53aefcae078162fca9",
                "sha256:e644fdec12f7872f86c58ff790da456218b10f863970249516d60a5eaca77206"
            ],
            "markers": "python_version >= '2.7' and python_version not in '3.0, 3.1, 3.2, 3.3'",
            "version": "==2.21"
        },
        "pymongo": {
            "hashes": [
                "sha256:019a386dfa4eaddb067274a32a0a7aa1bcad4d0fff15e92cb46ffe58321bc9ae",
                "sha256:076e96bbedc34df1e55b0682a13510d2ef1317ea4758ebe9c0388b39c5f60f17",
                "sha256:092f5c9a65a467218e39c6388454d122f592c9341971dc1121e238dcafa08bc0",
                "sha256:0ac5c7dfb02a2c82f21806266036aa8c3a63d9c16ac00102d3f5780a8a62b002",
                "sha256:0b64ee18b67e38458e8acc4d52ee413095f98a4bdaf4a5eed2ddd1726ce314bc",
                "sha256:0ea53cbf22ebdbeb53e81622c688987041ea08d01cf6e501ecf810bbaf2fb8d5",
                "sha256:0ed20c6869843ef9c07619f5fbd06a5dc49a3e47dfeca02c4eab719dba9cdfa7",
                "sha256:11b806e07cb9fb3d69d5330145c9903c606c5d81951a8e2aa121886f1aebee22",
                "sha256:15129240f0fffc133f70d334308d5829fb6a77172e09236b4b24c2e759278634",
                "sha256:19ca416608b744272ba64993d7439bf52cda23f96f99b7b81fddaccd06ba29c7",
                "sha256:26a4c1711a8e6e7d57d6bc6bfff6dae39fadb790a28cb120d853ed3e1e49a4da",
                "sha256:2824714d767b4a0b17472b8b93ef2491b28533cca83f1af47d9c905d362df94d",
                "sha256:2c893f88fec9231fcaa41d53306dffebb162c9b38867780305edaa830522749e",
                "sha256:2e553dae2885a2d1d4ef5521f37ce626ffaa971073ae987d49f60a11f4ae79c4",
                "sha256:3364b5c153b0de15c39cd13c5ee73a473f7337eb2d9610711f50f14a3a611413",
                "sha256:3bc96fdc0af25e60665985204d3cfb9186ffd1f32fced31718f03811973dceb8",
                "sha256:3bfb604a565a594ca1b2a6b20050072d9af9830e7748c2c3243ba5e170710a4b",
                "sha256:4097b745c8d3295573aab0a1ad0e502227e01155b62f898bfa0babc623362c0c",
                "sha256:40ee6449bd2f946e9cd83d97752fb25fb72100bec586cece259fc4a23aa60fcc",
                "sha256:45a0d4327af93c3c9ac17822886b4b7cc418e9f0a2de17b293d701946f300d4d",
                "sha256:4b14f78563aae3474b826329dcd2b5f5643e6ff0c391a51572d89994cc126a23",
                "sha256:4b20defb90899b630555ca827033a0e4ddd3b19d609fc3937f7582dadb700c9b",
                "sha256:4d4c64b03e5d39cd219b1eadf4eb66f15e711fff8bff6e9cb0d9f95571e1621e",
                "sha256:4e15a0bfbdad62983209fc23925f56c19ac372a06c18f26be8f55aff114126c4",
                "sha256:4f22f10e657a6d823bc10891fa4902c59a2a4768d8134ef7a85fe4aa7511e214",
                "sha256:4fec55c0b9e4111a9633a32c7387c966b72f4127a6dc9e10d8d421d45184e8eb",
                "sha256:532eb6b92901e6aa9918f87bebd85d74fba8d651d9a6f321fa945ce3655d5af8",
                "sha256:547472d7838359b166d19f635cde0eeb2dc0f18cceb5bf3cb8639c506014e2a1",
                "sha256:574a533c17b090ecc7b865d9ae4a6f111fb50711ad14bbc1d5eb2871c40d2eb7",
                "sha256:5ea229163b589cee8560afd1b9eeab83afa363488f0ac83594937253046e5273",
                "sha256:60b8b9903332048f8b479d26f01961bcba222d0e58bd9a0906d52cd9c9bb34b7",
                "sha256:6a14e4e417d6498b983e4fe8b06dd7ded53872bbf87961e2f1f649ae7135e7af",
                "sha256:6d6ce4a7b494e0b40492c7c084816cfe9c5cbb4ef4797f6cda40c174bd14a068",
                "sha256:706f2bf6398627eb843ba40d73d21476a141b32d152bc077bbf5b780ffe5290d",
                "sha256:729d6abe0e48c4fdfbc77a519fdcd9034d66104dadad643f1898a1bdd94ffbba",
                "sha256:72ff636cd1040d49af11c516f00a50181723d0d39cd0ab416adfb95058b6fcf8",
                "sha256:7f3c6f698df84b7f2d839ca6102192fbb8a653058bbf0cd98f03aee2cd8cc967",
                "sha256:8f81f1fcb71cfd8120bd04b26dccfe4da2bdb25e2cdf38383603a8a265a97498",
                "sha256:93341b00440298026acb8db612b0fb98d6d348ee894471c644b223cf8a747984",
                "sha256:942b7f7ffe1ceb77319f7051bcbd139d2232ab40b9bec81579623df48b4619df",
                "sha256:9799de702daa246ac8e6dfb1fa6845066445a334c658688582ceaa6fff0bdca0",
                "sha256:98c63f3bf91ff39d22c5330fb57f29e1045925df7e9dcaaedb978e1d94cdf9e8",
                "sha256:9ac7f4029acafdb72133c8e46155cf82be1735d290250a12204c0cb8b94ee87b",
                "sha256:9b944ba110300a30b0e0bfea0018ed272da06591ea985af4a70b09226e3f928f",
                "sha256:a893849c595512bd61a1f393cd5fbb063e511798f57face7553291370a0b34d8",
                "sha256:a9a66d2eb1541771f5587da969490bf7b71085f3444bc0854c4e4ac8f74aabc4",
                "sha256:af196696e866b80efedf19b860e82e7579e3a0c292a4660d8b3341b3068a35a9",
                "sha256:b1d1912dbcca4d37a60429f07b120034136e3881614f81375ae21330ef9b6ad0",
                "sha256:b5068ebb8dd51f902b25c5f3c7b53d19c58399435a7b2d71a5fc700546a457d3",
                "sha256:b5968ef30685068aef64dea9c461cb774ff12932aa00396de52d3a919ffaf463",
                "sha256:b6e4f94aed1fd2a1fa5326a21dc2eed2374190708be2796e19f8fd37b2f91959",
                "sha256:bc1e1c0661605395e2314e9c41b0146723478e64fdcecfa7da7d24afe4a7d2cf",
                "sha256:bdcb32c22946966b0fe7bbcbf91a9c8392a7659ab5ac54355e650aee4c615c04",
                "sha256:bf9448811d649361e7d2b873d05b24075d77a038b9336761129b04d7147068a7",
                "sha256:c090907837434524d7df73dab67a5f087e48d719cd50076472c2e85a902ab492",
                "sha256:c0e25a8ce9932e660391b98c66b75e9b1fa3949aa937824e7ed4ff6ad582d0c9",
                "sha256:c1dbcc6867f50a4e725e51447cf0bc7d45b3943d73e58daf9fb537c5f970cdae",
                "sha256:c5311a8339560a7749e0d6c51c5e84f2dca981a2d07117721a2de39302976f0b",
                "sha256:c93edd3fdc45ff1ee1eff6900e3499caf832ec16b452560ba93f358a94329669",
                "sha256:cdd957d690fe77d3ea6aa9a6622bc0b34156e04a9b0bb87e378fb31a093386dc",
                "sha256:ce5fdebc875892bb6aafe2053ef0f8d7f99281b74e1224cd6ac9036dee625cc5",
                "sha256:ce99d3048658734fc5e80c51b1cfc27d3f301f525b94dbc38838a87ad61e12bb",
                "sha256:d08c182933e3654ae5265e3e76af3f5fcfa2bfac5eb40bc222bf8661b7e4c552",
                "sha256:d2d5d2f587f2a5125d9172222e3037e327d79bcb6e4958989680c1941d28f586",
                "sha256:d5bf753e02b25cae2be13de834b9fbaef29921784867c58ec5568a8b123ca85e",
                "sha256:dbd0c29baadb3c59f35952c526a015ff47965f1187a0c04eb54f9ea1686ad1ab",
                "sha256:dc64abc5f89007c1c5277153fb44c6da43397ede3d0466d3639d228d2e3fdc44",
                "sha256:e342b4165a1975423a0d8047dde5fc6392587d40edf16c7b87587de2c97ce826",
                "sha256:e676c1fd585ca3fab726e9def6ee021498e2e072d8a61b1170254951517d20b6",
                "sha256:e942fd04252fd8380a0d74a58c521e0c5385d693514893620e88cb8e68d5958c",
                "sha256:e9bb9425d4005d77404539e2b0e2c45caf2e4a6f70c888f21d3a4ced23482ff9",
                "sha256:ea00375486b02c592a068a55e3237807939b10833d23fb15fb60cd14b504a89d",
                "sha256:ea98c6d44d6dc5a78058bf9cc67b1bc01e86d0b7f8ed6eb6391b11592b33d2c7",
                "sha256:ed42dcc47910f2d30597baff98c6517e7dd1e2e50c607ea7024992714a348517",
                "sha256:ede2c98d81dcf839c073dd4c69ebfbd732905c6f6dc4b875830ff404ec3ab628",
                "sha256:ee9b73d774f4f2850bbd7c8f97c7cf5d3a12c559610074e218bc116ae4899102",
                "sha256:ef00b8592e66b6df3114c7379ec1e7e189e2018ad47eac3f427233a9838514f8",
                "sha256:efff1fc7beb16f43a332806538f4049fd3e25384a845347996d91ee6310a4fe1",
                "sha256:f609cba97330c83f5e50aed1d653c326c4cdc90976746593ee6b1c9d606f8d69",
                "sha256:f8f78b53d242fd7ce94f6f4044d71f0355c7ae97ba943d044b097257fc48aa5e",
                "sha256:fac638874a6ae5cc4937973257b411876fdf916ff808f9afd91ee475b6985913",
                "sha256:fea60a7b8455bb35548285b8bbcba955cc48d62589c8f4a6a333b2c8656818a5",
                "sha256:ffee707ce5390429e10adb47cff7de8389a61a82e1e36cf6538cfe264470657a"
            ],
            "index": "pypi",
            "version": "==4.0.2"
        },
        "pynacl": {
            "hashes": [
                "sha256:06b8f6fa7f5de8d5d2f7573fe8c863c051225a27b61e6860fd047b1775807858",
                "sha256:0c84947a22519e013607c9be43706dd42513f9e6ae5d39d3613ca1e142fba44d",
                "sha256:20f42270d27e1b6a29f54032090b972d97f0a1b0948cc52392041ef7831fee93",
                "sha256:401002a4aaa07c9414132aaed7f6836ff98f59277a234704ff66878c2ee4a0d1",
                "sha256:52cb72a79269189d4e0dc537556f4740f7f0a9ec41c1322598799b0bdad4ef92",
                "sha256:61f642bf2378713e2c2e1de73444a3778e5f0a38be6fee0fe532fe30060282ff",
                "sha256:8ac7448f09ab85811607bdd21ec2464495ac8b7c66d146bf545b0f08fb9220ba",
                "sha256:a36d4a9dda1f19ce6e03c9a784a2921a4b726b02e1c736600ca9c22029474394",
                "sha256:a422368fc821589c228f4c49438a368831cb5bbc0eab5ebe1d7fac9dded6567b",
                "sha256:e46dae94e34b085175f8abb3b0aaa7da40767865ac82c928eeb9e57e1ea8a543"
            ],
            "markers": "python_version >= '3.6'",
            "version": "==1.5.0"
        },
        "pyparsing": {
            "hashes": [
                "sha256:18ee9022775d270c55187733956460083db60b37d0d0fb357445f3094eed3eea",
                "sha256:a6c06a88f252e6c322f65faf8f418b16213b51bdfaece0524c1c1bc30c63c484"
            ],
            "markers": "python_version >= '3.6'",
            "version": "==3.0.7"
        },
        "pytest": {
            "hashes": [
                "sha256:9ce3ff477af913ecf6321fe337b93a2c0dcf2a0a1439c43f5452112c1e4280db",
                "sha256:e30905a0c131d3d94b89624a1cc5afec3e0ba2fbdb151867d8e0ebd49850f171"
            ],
            "index": "pypi",
            "version": "==7.0.1"
        },
        "python-dateutil": {
            "hashes": [
                "sha256:0123cacc1627ae19ddf3c27a5de5bd67ee4586fbdd6440d9748f8abb483d3e86",
                "sha256:961d03dc3453ebbc59dbdea9e4e11c5651520a876d0f4db161e8674aae935da9"
            ],
            "markers": "python_version >= '2.7' and python_version not in '3.0, 3.1, 3.2, 3.3'",
            "version": "==2.8.2"
        },
        "python-dotenv": {
            "hashes": [
                "sha256:32b2bdc1873fd3a3c346da1c6db83d0053c3c62f28f1f38516070c4c8971b1d3",
                "sha256:a5de49a31e953b45ff2d2fd434bbc2670e8db5273606c1e737cc6b93eff3655f"
            ],
            "markers": "python_version >= '3.5'",
            "version": "==0.19.2"
        },
        "pytz": {
            "hashes": [
                "sha256:3672058bc3453457b622aab7a1c3bfd5ab0bdae451512f6cf25f64ed37f5b87c",
                "sha256:acad2d8b20a1af07d4e4c9d2e9285c5ed9104354062f275f3fcd88dcef4f1326"
            ],
            "version": "==2021.3"
        },
        "requests": {
            "hashes": [
                "sha256:68d7c56fd5a8999887728ef304a6d12edc7be74f1cfa47714fc8b414525c9a61",
                "sha256:f22fa1e554c9ddfd16e6e41ac79759e17be9e492b3587efa038054674760e72d"
            ],
            "markers": "python_version >= '2.7' and python_version not in '3.0, 3.1, 3.2, 3.3, 3.4, 3.5'",
            "version": "==2.27.1"
        },
        "rfc3986": {
            "hashes": [
                "sha256:50b1502b60e289cb37883f3dfd34532b8873c7de9f49bb546641ce9cbd256ebd",
                "sha256:97aacf9dbd4bfd829baad6e6309fa6573aaf1be3f6fa735c8ab05e46cecb261c"
            ],
            "markers": "python_version >= '3.7'",
            "version": "==2.0.0"
        },
        "ruamel.yaml": {
            "hashes": [
                "sha256:742b35d3d665023981bd6d16b3d24248ce5df75fdb4e2924e93a05c1f8b61ca7",
                "sha256:8b7ce697a2f212752a35c1ac414471dc16c424c9573be4926b56ff3f5d23b7af"
            ],
            "markers": "python_version >= '3'",
            "version": "==0.17.21"
        },
        "ruamel.yaml.clib": {
            "hashes": [
                "sha256:0847201b767447fc33b9c235780d3aa90357d20dd6108b92be544427bea197dd",
                "sha256:1070ba9dd7f9370d0513d649420c3b362ac2d687fe78c6e888f5b12bf8bc7bee",
                "sha256:1866cf2c284a03b9524a5cc00daca56d80057c5ce3cdc86a52020f4c720856f0",
                "sha256:221eca6f35076c6ae472a531afa1c223b9c29377e62936f61bc8e6e8bdc5f9e7",
                "sha256:31ea73e564a7b5fbbe8188ab8b334393e06d997914a4e184975348f204790277",
                "sha256:3fb9575a5acd13031c57a62cc7823e5d2ff8bc3835ba4d94b921b4e6ee664104",
                "sha256:4ff604ce439abb20794f05613c374759ce10e3595d1867764dd1ae675b85acbd",
                "sha256:6e7be2c5bcb297f5b82fee9c665eb2eb7001d1050deaba8471842979293a80b0",
                "sha256:72a2b8b2ff0a627496aad76f37a652bcef400fd861721744201ef1b45199ab78",
                "sha256:77df077d32921ad46f34816a9a16e6356d8100374579bc35e15bab5d4e9377de",
                "sha256:78988ed190206672da0f5d50c61afef8f67daa718d614377dcd5e3ed85ab4a99",
                "sha256:7b2927e92feb51d830f531de4ccb11b320255ee95e791022555971c466af4527",
                "sha256:7f7ecb53ae6848f959db6ae93bdff1740e651809780822270eab111500842a84",
                "sha256:825d5fccef6da42f3c8eccd4281af399f21c02b32d98e113dbc631ea6a6ecbc7",
                "sha256:846fc8336443106fe23f9b6d6b8c14a53d38cef9a375149d61f99d78782ea468",
                "sha256:89221ec6d6026f8ae859c09b9718799fea22c0e8da8b766b0b2c9a9ba2db326b",
                "sha256:9efef4aab5353387b07f6b22ace0867032b900d8e91674b5d8ea9150db5cae94",
                "sha256:a32f8d81ea0c6173ab1b3da956869114cae53ba1e9f72374032e33ba3118c233",
                "sha256:a49e0161897901d1ac9c4a79984b8410f450565bbad64dbfcbf76152743a0cdb",
                "sha256:ada3f400d9923a190ea8b59c8f60680c4ef8a4b0dfae134d2f2ff68429adfab5",
                "sha256:bf75d28fa071645c529b5474a550a44686821decebdd00e21127ef1fd566eabe",
                "sha256:cfdb9389d888c5b74af297e51ce357b800dd844898af9d4a547ffc143fa56751",
                "sha256:d67f273097c368265a7b81e152e07fb90ed395df6e552b9fa858c6d2c9f42502",
                "sha256:dc6a613d6c74eef5a14a214d433d06291526145431c3b964f5e16529b1842bed",
                "sha256:de9c6b8a1ba52919ae919f3ae96abb72b994dd0350226e28f3686cb4f142165c"
            ],
            "markers": "python_version < '3.11' and platform_python_implementation == 'CPython'",
            "version": "==0.2.6"
        },
        "s3transfer": {
            "hashes": [
                "sha256:7a6f4c4d1fdb9a2b640244008e142cbc2cd3ae34b386584ef044dd0f27101971",
                "sha256:95c58c194ce657a5f4fb0b9e60a84968c808888aed628cd98ab8771fe1db98ed"
            ],
            "markers": "python_version >= '3.6'",
            "version": "==0.5.2"
        },
        "scope": {
            "editable": true,
            "path": "./scope_shared"
        },
        "semver": {
            "hashes": [
                "sha256:ced8b23dceb22134307c1b8abfa523da14198793d9787ac838e70e29e77458d4",
                "sha256:fa0fe2722ee1c3f57eac478820c3a5ae2f624af8264cbdf9000c980ff7f75e3f"
            ],
            "markers": "python_version >= '2.7' and python_version not in '3.0, 3.1, 3.2, 3.3'",
            "version": "==2.13.0"
        },
        "setuptools": {
            "hashes": [
                "sha256:2347b2b432c891a863acadca2da9ac101eae6169b1d3dfee2ec605ecd50dbfe5",
                "sha256:e4f30b9f84e5ab3decf945113119649fec09c1fc3507c6ebffec75646c56e62b"
            ],
            "markers": "python_version >= '3.7'",
            "version": "==60.9.3"
        },
        "six": {
            "hashes": [
                "sha256:1e61c37477a1626458e36f7b1d82aa5c9b094fa4802892072e49de9c60c4c926",
                "sha256:8abb2f1d86890a2dfb989f9a77cfcfd3e47c2a354b01111771326f8aa26e0254"
            ],
            "markers": "python_version >= '2.7' and python_version not in '3.0, 3.1, 3.2, 3.3'",
            "version": "==1.16.0"
        },
        "tomli": {
            "hashes": [
                "sha256:939de3e7a6161af0c887ef91b7d41a53e7c5a1ca976325f429cb46ea9bc30ecc",
                "sha256:de526c12914f0c550d15924c62d72abc48d6fe7364aa87328337a31007fe8a4f"
            ],
            "markers": "python_version >= '3.7'",
            "version": "==2.0.1"
        },
        "typing-extensions": {
            "hashes": [
                "sha256:1a9462dcc3347a79b1f1c0271fbe79e844580bb598bafa1ed208b94da3cdcd42",
                "sha256:21c85e0fe4b9a155d0799430b0ad741cdce7e359660ccbd8b530613e8df88ce2"
            ],
            "markers": "python_version < '3.10'",
            "version": "==4.1.1"
        },
        "urllib3": {
            "hashes": [
                "sha256:000ca7f471a233c2251c6c7023ee85305721bfdf18621ebff4fd17a8653427ed",
                "sha256:0e7c33d9a63e7ddfcb86780aac87befc2fbddf46c58dbb487e0855f7ceec283c"
            ],
            "markers": "python_version >= '2.7' and python_version not in '3.0, 3.1, 3.2, 3.3, 3.4' and python_version < '4'",
            "version": "==1.26.8"
        },
        "virtualenv": {
            "hashes": [
                "sha256:01f5f80744d24a3743ce61858123488e91cb2dd1d3bdf92adaf1bba39ffdedf0",
                "sha256:e7b34c9474e6476ee208c43a4d9ac1510b041c68347eabfe9a9ea0c86aa0a46b"
            ],
            "markers": "python_version >= '2.7' and python_version not in '3.0, 3.1, 3.2, 3.3, 3.4'",
            "version": "==20.13.2"
        },
        "virtualenv-clone": {
            "hashes": [
                "sha256:418ee935c36152f8f153c79824bb93eaf6f0f7984bae31d3f48f350b9183501a",
                "sha256:44d5263bceed0bac3e1424d64f798095233b64def1c5689afa43dc3223caf5b0"
            ],
            "markers": "python_version >= '2.7' and python_version not in '3.0, 3.1, 3.2, 3.3'",
            "version": "==0.5.7"
        }
    },
    "develop": {}
}
